
Microsoft Visual Studio Solution File, Format Version 12.00
# Visual Studio Version 16
VisualStudioVersion = 16.0.33927.289
MinimumVisualStudioVersion = 10.0.40219.1
Project("{FAE04EC0-301F-11D3-BF4B-00C04F79EFBC}") = "TestTask", "TestTask\TestTask.csproj", "{215F9BC2-D353-4352-80A3-C4A92B0E3A4E}"
EndProject
Project("{FAE04EC0-301F-11D3-BF4B-00C04F79EFBC}") = "ConsoleApp1", "ConsoleApp1\ConsoleApp1.csproj", "{4997F3CB-CC29-411C-84E0-E044AB583FAD}"
EndProject
Global
	GlobalSection(SolutionConfigurationPlatforms) = preSolution
		Debug|Any CPU = Debug|Any CPU
		Release|Any CPU = Release|Any CPU
	EndGlobalSection
	GlobalSection(ProjectConfigurationPlatforms) = postSolution
		{215F9BC2-D353-4352-80A3-C4A92B0E3A4E}.Debug|Any CPU.ActiveCfg = Debug|Any CPU
		{215F9BC2-D353-4352-80A3-C4A92B0E3A4E}.Debug|Any CPU.Build.0 = Debug|Any CPU
		{215F9BC2-D353-4352-80A3-C4A92B0E3A4E}.Release|Any CPU.ActiveCfg = Release|Any CPU
		{215F9BC2-D353-4352-80A3-C4A92B0E3A4E}.Release|Any CPU.Build.0 = Release|Any CPU
		{4997F3CB-CC29-411C-84E0-E044AB583FAD}.Debug|Any CPU.ActiveCfg = Debug|Any CPU
		{4997F3CB-CC29-411C-84E0-E044AB583FAD}.Debug|Any CPU.Build.0 = Debug|Any CPU
		{4997F3CB-CC29-411C-84E0-E044AB583FAD}.Release|Any CPU.ActiveCfg = Release|Any CPU
		{4997F3CB-CC29-411C-84E0-E044AB583FAD}.Release|Any CPU.Build.0 = Release|Any CPU
	EndGlobalSection
	GlobalSection(SolutionProperties) = preSolution
		HideSolutionNode = FALSE
	EndGlobalSection
	GlobalSection(ExtensibilityGlobals) = postSolution
		SolutionGuid = {A2675371-F2E1-45EE-9C7C-EA9DCFB63CA4}
	EndGlobalSection
EndGlobal
